
Microsoft Visual Studio Solution File, Format Version 12.00
# Visual Studio Version 16
VisualStudioVersion = 16.0.29609.76
MinimumVisualStudioVersion = 10.0.40219.1
Project("{2150E333-8FDC-42A3-9474-1A3956D46DE8}") = "Libraries", "Libraries", "{23DB4EE2-3497-4A54-B6EA-6A92688492B8}"
EndProject
Project("{9A19103F-16F7-4668-BE54-9A1E7A4F7556}") = "Cheng.Model", "Cheng.Model\Cheng.Model.csproj", "{F41A0461-32E9-495B-8DFE-F19697E10F27}"
EndProject
Project("{9A19103F-16F7-4668-BE54-9A1E7A4F7556}") = "Cheng.Comon", "Cheng.Core\Cheng.Comon.csproj", "{7B58BF6A-75A6-45A1-B1D9-6806208A3BA1}"
EndProject
Project("{9A19103F-16F7-4668-BE54-9A1E7A4F7556}") = "Cheng.Service", "Cheng.Service\Cheng.Service.csproj", "{F1704125-EE47-4054-8238-0170DC8CE783}"
EndProject
Project("{2150E333-8FDC-42A3-9474-1A3956D46DE8}") = "web", "web", "{DC5CCEDB-F330-438B-B656-D386965720EE}"
EndProject
Project("{9A19103F-16F7-4668-BE54-9A1E7A4F7556}") = "Cheng.Web.Mvc", "Cheng.Web.Mvc\Cheng.Web.Mvc.csproj", "{91DEDA0E-C1F8-4B72-8970-9354D7C7969E}"
EndProject
Project("{2150E333-8FDC-42A3-9474-1A3956D46DE8}") = "WenDang", "WenDang", "{D2AEA7D5-25F3-473D-B382-A7097B261501}"
EndProject
Project("{2150E333-8FDC-42A3-9474-1A3956D46DE8}") = "DataBase", "DataBase", "{93D512D0-F026-4FE6-AB93-B45F6CCE9D4F}"
EndProject
Project("{2150E333-8FDC-42A3-9474-1A3956D46DE8}") = "sql", "sql", "{7AD769AA-2DD3-41F4-9317-D46A761DD8E9}"
EndProject
Project("{2150E333-8FDC-42A3-9474-1A3956D46DE8}") = "Extensions", "Extensions", "{25E1EC59-C80D-4895-9094-894237C56BB0}"
EndProject
Project("{9A19103F-16F7-4668-BE54-9A1E7A4F7556}") = "Cheng.Extensions", "Cheng.Extensions\Cheng.Extensions.csproj", "{5F31677D-445D-4E8E-BD1B-67E12B2D958B}"
EndProject
Project("{9A19103F-16F7-4668-BE54-9A1E7A4F7556}") = "WenDangTest", "WenDangTest\WenDangTest.csproj", "{B67008D1-2081-4ABF-945B-4C26CA86AB49}"
EndProject
Project("{2150E333-8FDC-42A3-9474-1A3956D46DE8}") = "api", "api", "{DFEEFC85-2903-4195-95ED-5067CA553C3B}"
EndProject
Project("{9A19103F-16F7-4668-BE54-9A1E7A4F7556}") = "apiIdentityServer4", "apiIdentityServer4\apiIdentityServer4.csproj", "{1F1214A0-33FE-4DF1-8229-A2E9DBAB1920}"
EndProject
Project("{9A19103F-16F7-4668-BE54-9A1E7A4F7556}") = "apiService", "apiService\apiService.csproj", "{B8436EB6-27FD-4FA1-97A7-B5F2817718F9}"
EndProject
Global
	GlobalSection(SolutionConfigurationPlatforms) = preSolution
		Debug|Any CPU = Debug|Any CPU
		Release|Any CPU = Release|Any CPU
	EndGlobalSection
	GlobalSection(ProjectConfigurationPlatforms) = postSolution
		{F41A0461-32E9-495B-8DFE-F19697E10F27}.Debug|Any CPU.ActiveCfg = Debug|Any CPU
		{F41A0461-32E9-495B-8DFE-F19697E10F27}.Debug|Any CPU.Build.0 = Debug|Any CPU
		{F41A0461-32E9-495B-8DFE-F19697E10F27}.Release|Any CPU.ActiveCfg = Release|Any CPU
		{F41A0461-32E9-495B-8DFE-F19697E10F27}.Release|Any CPU.Build.0 = Release|Any CPU
		{7B58BF6A-75A6-45A1-B1D9-6806208A3BA1}.Debug|Any CPU.ActiveCfg = Debug|Any CPU
		{7B58BF6A-75A6-45A1-B1D9-6806208A3BA1}.Debug|Any CPU.Build.0 = Debug|Any CPU
		{7B58BF6A-75A6-45A1-B1D9-6806208A3BA1}.Release|Any CPU.ActiveCfg = Release|Any CPU
		{7B58BF6A-75A6-45A1-B1D9-6806208A3BA1}.Release|Any CPU.Build.0 = Release|Any CPU
		{F1704125-EE47-4054-8238-0170DC8CE783}.Debug|Any CPU.ActiveCfg = Debug|Any CPU
		{F1704125-EE47-4054-8238-0170DC8CE783}.Debug|Any CPU.Build.0 = Debug|Any CPU
		{F1704125-EE47-4054-8238-0170DC8CE783}.Release|Any CPU.ActiveCfg = Release|Any CPU
		{F1704125-EE47-4054-8238-0170DC8CE783}.Release|Any CPU.Build.0 = Release|Any CPU
		{91DEDA0E-C1F8-4B72-8970-9354D7C7969E}.Debug|Any CPU.ActiveCfg = Debug|Any CPU
		{91DEDA0E-C1F8-4B72-8970-9354D7C7969E}.Debug|Any CPU.Build.0 = Debug|Any CPU
		{91DEDA0E-C1F8-4B72-8970-9354D7C7969E}.Release|Any CPU.ActiveCfg = Release|Any CPU
		{91DEDA0E-C1F8-4B72-8970-9354D7C7969E}.Release|Any CPU.Build.0 = Release|Any CPU
		{5F31677D-445D-4E8E-BD1B-67E12B2D958B}.Debug|Any CPU.ActiveCfg = Debug|Any CPU
		{5F31677D-445D-4E8E-BD1B-67E12B2D958B}.Debug|Any CPU.Build.0 = Debug|Any CPU
		{5F31677D-445D-4E8E-BD1B-67E12B2D958B}.Release|Any CPU.ActiveCfg = Release|Any CPU
		{5F31677D-445D-4E8E-BD1B-67E12B2D958B}.Release|Any CPU.Build.0 = Release|Any CPU
		{B67008D1-2081-4ABF-945B-4C26CA86AB49}.Debug|Any CPU.ActiveCfg = Debug|Any CPU
		{B67008D1-2081-4ABF-945B-4C26CA86AB49}.Debug|Any CPU.Build.0 = Debug|Any CPU
		{B67008D1-2081-4ABF-945B-4C26CA86AB49}.Release|Any CPU.ActiveCfg = Release|Any CPU
		{B67008D1-2081-4ABF-945B-4C26CA86AB49}.Release|Any CPU.Build.0 = Release|Any CPU
		{1F1214A0-33FE-4DF1-8229-A2E9DBAB1920}.Debug|Any CPU.ActiveCfg = Debug|Any CPU
		{1F1214A0-33FE-4DF1-8229-A2E9DBAB1920}.Debug|Any CPU.Build.0 = Debug|Any CPU
		{1F1214A0-33FE-4DF1-8229-A2E9DBAB1920}.Release|Any CPU.ActiveCfg = Release|Any CPU
		{1F1214A0-33FE-4DF1-8229-A2E9DBAB1920}.Release|Any CPU.Build.0 = Release|Any CPU
		{B8436EB6-27FD-4FA1-97A7-B5F2817718F9}.Debug|Any CPU.ActiveCfg = Debug|Any CPU
		{B8436EB6-27FD-4FA1-97A7-B5F2817718F9}.Debug|Any CPU.Build.0 = Debug|Any CPU
		{B8436EB6-27FD-4FA1-97A7-B5F2817718F9}.Release|Any CPU.ActiveCfg = Release|Any CPU
		{B8436EB6-27FD-4FA1-97A7-B5F2817718F9}.Release|Any CPU.Build.0 = Release|Any CPU
	EndGlobalSection
	GlobalSection(SolutionProperties) = preSolution
		HideSolutionNode = FALSE
	EndGlobalSection
	GlobalSection(NestedProjects) = preSolution
		{F41A0461-32E9-495B-8DFE-F19697E10F27} = {23DB4EE2-3497-4A54-B6EA-6A92688492B8}
		{7B58BF6A-75A6-45A1-B1D9-6806208A3BA1} = {23DB4EE2-3497-4A54-B6EA-6A92688492B8}
		{F1704125-EE47-4054-8238-0170DC8CE783} = {23DB4EE2-3497-4A54-B6EA-6A92688492B8}
		{91DEDA0E-C1F8-4B72-8970-9354D7C7969E} = {DC5CCEDB-F330-438B-B656-D386965720EE}
		{7AD769AA-2DD3-41F4-9317-D46A761DD8E9} = {93D512D0-F026-4FE6-AB93-B45F6CCE9D4F}
		{5F31677D-445D-4E8E-BD1B-67E12B2D958B} = {25E1EC59-C80D-4895-9094-894237C56BB0}
		{B67008D1-2081-4ABF-945B-4C26CA86AB49} = {D2AEA7D5-25F3-473D-B382-A7097B261501}
		{1F1214A0-33FE-4DF1-8229-A2E9DBAB1920} = {DFEEFC85-2903-4195-95ED-5067CA553C3B}
		{B8436EB6-27FD-4FA1-97A7-B5F2817718F9} = {DFEEFC85-2903-4195-95ED-5067CA553C3B}
	EndGlobalSection
	GlobalSection(ExtensibilityGlobals) = postSolution
		SolutionGuid = {54D72F9F-3F22-40AE-AC1C-C719327637A1}
	EndGlobalSection
EndGlobal
